// !$*UTF8*$!
{
	archiveVersion = 1;
	classes = {
	};
	objectVersion = 55;
	objects = {

/* Begin PBXBuildFile section */
		66FF15452875992F003595E3 /* AnyAppApp.swift in Sources */ = {isa = PBXBuildFile; fileRef = 66FF15442875992F003595E3 /* AnyAppApp.swift */; };
		66FF15472875992F003595E3 /* ContentView.swift in Sources */ = {isa = PBXBuildFile; fileRef = 66FF15462875992F003595E3 /* ContentView.swift */; };
		66FF154928759933003595E3 /* Assets.xcassets in Resources */ = {isa = PBXBuildFile; fileRef = 66FF154828759933003595E3 /* Assets.xcassets */; };
		66FF154C28759933003595E3 /* Preview Assets.xcassets in Resources */ = {isa = PBXBuildFile; fileRef = 66FF154B28759933003595E3 /* Preview Assets.xcassets */; };
		66FF155628759933003595E3 /* AnyAppTests.swift in Sources */ = {isa = PBXBuildFile; fileRef = 66FF155528759933003595E3 /* AnyAppTests.swift */; };
		66FF156028759933003595E3 /* AnyAppUITests.swift in Sources */ = {isa = PBXBuildFile; fileRef = 66FF155F28759933003595E3 /* AnyAppUITests.swift */; };
		66FF156228759933003595E3 /* AnyAppUITestsLaunchTests.swift in Sources */ = {isa = PBXBuildFile; fileRef = 66FF156128759933003595E3 /* AnyAppUITestsLaunchTests.swift */; };
/* End PBXBuildFile section */

/* Begin PBXContainerItemProxy section */
		66FF155228759933003595E3 /* PBXContainerItemProxy */ = {
			isa = PBXContainerItemProxy;
			containerPortal = 66FF15392875992F003595E3 /* Project object */;
			proxyType = 1;
			remoteGlobalIDString = 66FF15402875992F003595E3;
			remoteInfo = AnyApp;
		};
		66FF155C28759933003595E3 /* PBXContainerItemProxy */ = {
			isa = PBXContainerItemProxy;
			containerPortal = 66FF15392875992F003595E3 /* Project object */;
			proxyType = 1;
			remoteGlobalIDString = 66FF15402875992F003595E3;
			remoteInfo = AnyApp;
		};
/* End PBXContainerItemProxy section */

/* Begin PBXFileReference section */
		66FF15412875992F003595E3 /* AnyApp.app */ = {isa = PBXFileReference; explicitFileType = wrapper.application; includeInIndex = 0; path = AnyApp.app; sourceTree = BUILT_PRODUCTS_DIR; };
		66FF15442875992F003595E3 /* AnyAppApp.swift */ = {isa = PBXFileReference; lastKnownFileType = sourcecode.swift; path = AnyAppApp.swift; sourceTree = "<group>"; };
		66FF15462875992F003595E3 /* ContentView.swift */ = {isa = PBXFileReference; lastKnownFileType = sourcecode.swift; path = ContentView.swift; sourceTree = "<group>"; };
		66FF154828759933003595E3 /* Assets.xcassets */ = {isa = PBXFileReference; lastKnownFileType = folder.assetcatalog; path = Assets.xcassets; sourceTree = "<group>"; };
		66FF154B28759933003595E3 /* Preview Assets.xcassets */ = {isa = PBXFileReference; lastKnownFileType = folder.assetcatalog; path = "Preview Assets.xcassets"; sourceTree = "<group>"; };
		66FF155128759933003595E3 /* AnyAppTests.xctest */ = {isa = PBXFileReference; explicitFileType = wrapper.cfbundle; includeInIndex = 0; path = AnyAppTests.xctest; sourceTree = BUILT_PRODUCTS_DIR; };
		66FF155528759933003595E3 /* AnyAppTests.swift */ = {isa = PBXFileReference; lastKnownFileType = sourcecode.swift; path = AnyAppTests.swift; sourceTree = "<group>"; };
		66FF155B28759933003595E3 /* AnyAppUITests.xctest */ = {isa = PBXFileReference; explicitFileType = wrapper.cfbundle; includeInIndex = 0; path = AnyAppUITests.xctest; sourceTree = BUILT_PRODUCTS_DIR; };
		66FF155F28759933003595E3 /* AnyAppUITests.swift */ = {isa = PBXFileReference; lastKnownFileType = sourcecode.swift; path = AnyAppUITests.swift; sourceTree = "<group>"; };
		66FF156128759933003595E3 /* AnyAppUITestsLaunchTests.swift */ = {isa = PBXFileReference; lastKnownFileType = sourcecode.swift; path = AnyAppUITestsLaunchTests.swift; sourceTree = "<group>"; };
/* End PBXFileReference section */

/* Begin PBXFrameworksBuildPhase section */
		66FF153E2875992F003595E3 /* Frameworks */ = {
			isa = PBXFrameworksBuildPhase;
			buildActionMask = 2147483647;
			files = (
			);
			runOnlyForDeploymentPostprocessing = 0;
		};
		66FF154E28759933003595E3 /* Frameworks */ = {
			isa = PBXFrameworksBuildPhase;
			buildActionMask = 2147483647;
			files = (
			);
			runOnlyForDeploymentPostprocessing = 0;
		};
		66FF155828759933003595E3 /* Frameworks */ = {
			isa = PBXFrameworksBuildPhase;
			buildActionMask = 2147483647;
			files = (
			);
			runOnlyForDeploymentPostprocessing = 0;
		};
/* End PBXFrameworksBuildPhase section */

/* Begin PBXGroup section */
		66FF15382875992F003595E3 = {
			isa = PBXGroup;
			children = (
				66FF15432875992F003595E3 /* AnyApp */,
				66FF155428759933003595E3 /* AnyAppTests */,
				66FF155E28759933003595E3 /* AnyAppUITests */,
				66FF15422875992F003595E3 /* Products */,
			);
			sourceTree = "<group>";
		};
		66FF15422875992F003595E3 /* Products */ = {
			isa = PBXGroup;
			children = (
				66FF15412875992F003595E3 /* AnyApp.app */,
				66FF155128759933003595E3 /* AnyAppTests.xctest */,
				66FF155B28759933003595E3 /* AnyAppUITests.xctest */,
			);
			name = Products;
			sourceTree = "<group>";
		};
		66FF15432875992F003595E3 /* AnyApp */ = {
			isa = PBXGroup;
			children = (
				66FF15442875992F003595E3 /* AnyAppApp.swift */,
				66FF15462875992F003595E3 /* ContentView.swift */,
				66FF154828759933003595E3 /* Assets.xcassets */,
				66FF154A28759933003595E3 /* Preview Content */,
			);
			path = AnyApp;
			sourceTree = "<group>";
		};
		66FF154A28759933003595E3 /* Preview Content */ = {
			isa = PBXGroup;
			children = (
				66FF154B28759933003595E3 /* Preview Assets.xcassets */,
			);
			path = "Preview Content";
			sourceTree = "<group>";
		};
		66FF155428759933003595E3 /* AnyAppTests */ = {
			isa = PBXGroup;
			children = (
				66FF155528759933003595E3 /* AnyAppTests.swift */,
			);
			path = AnyAppTests;
			sourceTree = "<group>";
		};
		66FF155E28759933003595E3 /* AnyAppUITests */ = {
			isa = PBXGroup;
			children = (
				66FF155F28759933003595E3 /* AnyAppUITests.swift */,
				66FF156128759933003595E3 /* AnyAppUITestsLaunchTests.swift */,
			);
			path = AnyAppUITests;
			sourceTree = "<group>";
		};
/* End PBXGroup section */

/* Begin PBXNativeTarget section */
		66FF15402875992F003595E3 /* AnyApp */ = {
			isa = PBXNativeTarget;
			buildConfigurationList = 66FF156528759933003595E3 /* Build configuration list for PBXNativeTarget "AnyApp" */;
			buildPhases = (
				66FF153D2875992F003595E3 /* Sources */,
				66FF153E2875992F003595E3 /* Frameworks */,
				66FF153F2875992F003595E3 /* Resources */,
			);
			buildRules = (
			);
			dependencies = (
			);
			name = AnyApp;
			productName = AnyApp;
			productReference = 66FF15412875992F003595E3 /* AnyApp.app */;
			productType = "com.apple.product-type.application";
		};
		66FF155028759933003595E3 /* AnyAppTests */ = {
			isa = PBXNativeTarget;
			buildConfigurationList = 66FF156828759933003595E3 /* Build configuration list for PBXNativeTarget "AnyAppTests" */;
			buildPhases = (
				66FF154D28759933003595E3 /* Sources */,
				66FF154E28759933003595E3 /* Frameworks */,
				66FF154F28759933003595E3 /* Resources */,
			);
			buildRules = (
			);
			dependencies = (
				66FF155328759933003595E3 /* PBXTargetDependency */,
			);
			name = AnyAppTests;
			productName = AnyAppTests;
			productReference = 66FF155128759933003595E3 /* AnyAppTests.xctest */;
			productType = "com.apple.product-type.bundle.unit-test";
		};
		66FF155A28759933003595E3 /* AnyAppUITests */ = {
			isa = PBXNativeTarget;
			buildConfigurationList = 66FF156B28759933003595E3 /* Build configuration list for PBXNativeTarget "AnyAppUITests" */;
			buildPhases = (
				66FF155728759933003595E3 /* Sources */,
				66FF155828759933003595E3 /* Frameworks */,
				66FF155928759933003595E3 /* Resources */,
			);
			buildRules = (
			);
			dependencies = (
				66FF155D28759933003595E3 /* PBXTargetDependency */,
			);
			name = AnyAppUITests;
			productName = AnyAppUITests;
			productReference = 66FF155B28759933003595E3 /* AnyAppUITests.xctest */;
			productType = "com.apple.product-type.bundle.ui-testing";
		};
/* End PBXNativeTarget section */

/* Begin PBXProject section */
		66FF15392875992F003595E3 /* Project object */ = {
			isa = PBXProject;
			attributes = {
				BuildIndependentTargetsInParallel = 1;
				LastSwiftUpdateCheck = 1340;
				LastUpgradeCheck = 1340;
				TargetAttributes = {
					66FF15402875992F003595E3 = {
						CreatedOnToolsVersion = 13.4.1;
					};
					66FF155028759933003595E3 = {
						CreatedOnToolsVersion = 13.4.1;
						TestTargetID = 66FF15402875992F003595E3;
					};
					66FF155A28759933003595E3 = {
						CreatedOnToolsVersion = 13.4.1;
						TestTargetID = 66FF15402875992F003595E3;
					};
				};
			};
			buildConfigurationList = 66FF153C2875992F003595E3 /* Build configuration list for PBXProject "AnyApp" */;
			compatibilityVersion = "Xcode 13.0";
			developmentRegion = en;
			hasScannedForEncodings = 0;
			knownRegions = (
				en,
				Base,
			);
			mainGroup = 66FF15382875992F003595E3;
			productRefGroup = 66FF15422875992F003595E3 /* Products */;
			projectDirPath = "";
			projectRoot = "";
			targets = (
				66FF15402875992F003595E3 /* AnyApp */,
				66FF155028759933003595E3 /* AnyAppTests */,
				66FF155A28759933003595E3 /* AnyAppUITests */,
			);
		};
/* End PBXProject section */

/* Begin PBXResourcesBuildPhase section */
		66FF153F2875992F003595E3 /* Resources */ = {
			isa = PBXResourcesBuildPhase;
			buildActionMask = 2147483647;
			files = (
				66FF154C28759933003595E3 /* Preview Assets.xcassets in Resources */,
				66FF154928759933003595E3 /* Assets.xcassets in Resources */,
			);
			runOnlyForDeploymentPostprocessing = 0;
		};
		66FF154F28759933003595E3 /* Resources */ = {
			isa = PBXResourcesBuildPhase;
			buildActionMask = 2147483647;
			files = (
			);
			runOnlyForDeploymentPostprocessing = 0;
		};
		66FF155928759933003595E3 /* Resources */ = {
			isa = PBXResourcesBuildPhase;
			buildActionMask = 2147483647;
			files = (
			);
			runOnlyForDeploymentPostprocessing = 0;
		};
/* End PBXResourcesBuildPhase section */

/* Begin PBXSourcesBuildPhase section */
		66FF153D2875992F003595E3 /* Sources */ = {
			isa = PBXSourcesBuildPhase;
			buildActionMask = 2147483647;
			files = (
				66FF15472875992F003595E3 /* ContentView.swift in Sources */,
				66FF15452875992F003595E3 /* AnyAppApp.swift in Sources */,
			);
			runOnlyForDeploymentPostprocessing = 0;
		};
		66FF154D28759933003595E3 /* Sources */ = {
			isa = PBXSourcesBuildPhase;
			buildActionMask = 2147483647;
			files = (
				66FF155628759933003595E3 /* AnyAppTests.swift in Sources */,
			);
			runOnlyForDeploymentPostprocessing = 0;
		};
		66FF155728759933003595E3 /* Sources */ = {
			isa = PBXSourcesBuildPhase;
			buildActionMask = 2147483647;
			files = (
				66FF156028759933003595E3 /* AnyAppUITests.swift in Sources */,
				66FF156228759933003595E3 /* AnyAppUITestsLaunchTests.swift in Sources */,
			);
			runOnlyForDeploymentPostprocessing = 0;
		};
/* End PBXSourcesBuildPhase section */

/* Begin PBXTargetDependency section */
		66FF155328759933003595E3 /* PBXTargetDependency */ = {
			isa = PBXTargetDependency;
			target = 66FF15402875992F003595E3 /* AnyApp */;
			targetProxy = 66FF155228759933003595E3 /* PBXContainerItemProxy */;
		};
		66FF155D28759933003595E3 /* PBXTargetDependency */ = {
			isa = PBXTargetDependency;
			target = 66FF15402875992F003595E3 /* AnyApp */;
			targetProxy = 66FF155C28759933003595E3 /* PBXContainerItemProxy */;
		};
/* End PBXTargetDependency section */

/* Begin XCBuildConfiguration section */
		66FF156328759933003595E3 /* Debug */ = {
			isa = XCBuildConfiguration;
			buildSettings = {
				ALWAYS_SEARCH_USER_PATHS = NO;
				CLANG_ANALYZER_NONNULL = YES;
				CLANG_ANALYZER_NUMBER_OBJECT_CONVERSION = YES_AGGRESSIVE;
				CLANG_CXX_LANGUAGE_STANDARD = "gnu++17";
				CLANG_ENABLE_MODULES = YES;
				CLANG_ENABLE_OBJC_ARC = YES;
				CLANG_ENABLE_OBJC_WEAK = YES;
				CLANG_WARN_BLOCK_CAPTURE_AUTORELEASING = YES;
				CLANG_WARN_BOOL_CONVERSION = YES;
				CLANG_WARN_COMMA = YES;
				CLANG_WARN_CONSTANT_CONVERSION = YES;
				CLANG_WARN_DEPRECATED_OBJC_IMPLEMENTATIONS = YES;
				CLANG_WARN_DIRECT_OBJC_ISA_USAGE = YES_ERROR;
				CLANG_WARN_DOCUMENTATION_COMMENTS = YES;
				CLANG_WARN_EMPTY_BODY = YES;
				CLANG_WARN_ENUM_CONVERSION = YES;
				CLANG_WARN_INFINITE_RECURSION = YES;
				CLANG_WARN_INT_CONVERSION = YES;
				CLANG_WARN_NON_LITERAL_NULL_CONVERSION = YES;
				CLANG_WARN_OBJC_IMPLICIT_RETAIN_SELF = YES;
				CLANG_WARN_OBJC_LITERAL_CONVERSION = YES;
				CLANG_WARN_OBJC_ROOT_CLASS = YES_ERROR;
				CLANG_WARN_QUOTED_INCLUDE_IN_FRAMEWORK_HEADER = YES;
				CLANG_WARN_RANGE_LOOP_ANALYSIS = YES;
				CLANG_WARN_STRICT_PROTOTYPES = YES;
				CLANG_WARN_SUSPICIOUS_MOVE = YES;
				CLANG_WARN_UNGUARDED_AVAILABILITY = YES_AGGRESSIVE;
				CLANG_WARN_UNREACHABLE_CODE = YES;
				CLANG_WARN__DUPLICATE_METHOD_MATCH = YES;
				COPY_PHASE_STRIP = NO;
				DEBUG_INFORMATION_FORMAT = dwarf;
				ENABLE_STRICT_OBJC_MSGSEND = YES;
				ENABLE_TESTABILITY = YES;
				GCC_C_LANGUAGE_STANDARD = gnu11;
				GCC_DYNAMIC_NO_PIC = NO;
				GCC_NO_COMMON_BLOCKS = YES;
				GCC_OPTIMIZATION_LEVEL = 0;
				GCC_PREPROCESSOR_DEFINITIONS = (
					"DEBUG=1",
					"$(inherited)",
				);
				GCC_WARN_64_TO_32_BIT_CONVERSION = YES;
				GCC_WARN_ABOUT_RETURN_TYPE = YES_ERROR;
				GCC_WARN_UNDECLARED_SELECTOR = YES;
				GCC_WARN_UNINITIALIZED_AUTOS = YES_AGGRESSIVE;
				GCC_WARN_UNUSED_FUNCTION = YES;
				GCC_WARN_UNUSED_VARIABLE = YES;
				IPHONEOS_DEPLOYMENT_TARGET = 15.5;
				MTL_ENABLE_DEBUG_INFO = INCLUDE_SOURCE;
				MTL_FAST_MATH = YES;
				ONLY_ACTIVE_ARCH = YES;
				SDKROOT = iphoneos;
				SWIFT_ACTIVE_COMPILATION_CONDITIONS = DEBUG;
				SWIFT_OPTIMIZATION_LEVEL = "-Onone";
			};
			name = Debug;
		};
		66FF156428759933003595E3 /* Release */ = {
			isa = XCBuildConfiguration;
			buildSettings = {
				ALWAYS_SEARCH_USER_PATHS = NO;
				CLANG_ANALYZER_NONNULL = YES;
				CLANG_ANALYZER_NUMBER_OBJECT_CONVERSION = YES_AGGRESSIVE;
				CLANG_CXX_LANGUAGE_STANDARD = "gnu++17";
				CLANG_ENABLE_MODULES = YES;
				CLANG_ENABLE_OBJC_ARC = YES;
				CLANG_ENABLE_OBJC_WEAK = YES;
				CLANG_WARN_BLOCK_CAPTURE_AUTORELEASING = YES;
				CLANG_WARN_BOOL_CONVERSION = YES;
				CLANG_WARN_COMMA = YES;
				CLANG_WARN_CONSTANT_CONVERSION = YES;
				CLANG_WARN_DEPRECATED_OBJC_IMPLEMENTATIONS = YES;
				CLANG_WARN_DIRECT_OBJC_ISA_USAGE = YES_ERROR;
				CLANG_WARN_DOCUMENTATION_COMMENTS = YES;
				CLANG_WARN_EMPTY_BODY = YES;
				CLANG_WARN_ENUM_CONVERSION = YES;
				CLANG_WARN_INFINITE_RECURSION = YES;
				CLANG_WARN_INT_CONVERSION = YES;
				CLANG_WARN_NON_LITERAL_NULL_CONVERSION = YES;
				CLANG_WARN_OBJC_IMPLICIT_RETAIN_SELF = YES;
				CLANG_WARN_OBJC_LITERAL_CONVERSION = YES;
				CLANG_WARN_OBJC_ROOT_CLASS = YES_ERROR;
				CLANG_WARN_QUOTED_INCLUDE_IN_FRAMEWORK_HEADER = YES;
				CLANG_WARN_RANGE_LOOP_ANALYSIS = YES;
				CLANG_WARN_STRICT_PROTOTYPES = YES;
				CLANG_WARN_SUSPICIOUS_MOVE = YES;
				CLANG_WARN_UNGUARDED_AVAILABILITY = YES_AGGRESSIVE;
				CLANG_WARN_UNREACHABLE_CODE = YES;
				CLANG_WARN__DUPLICATE_METHOD_MATCH = YES;
				COPY_PHASE_STRIP = NO;
				DEBUG_INFORMATION_FORMAT = "dwarf-with-dsym";
				ENABLE_NS_ASSERTIONS = NO;
				ENABLE_STRICT_OBJC_MSGSEND = YES;
				GCC_C_LANGUAGE_STANDARD = gnu11;
				GCC_NO_COMMON_BLOCKS = YES;
				GCC_WARN_64_TO_32_BIT_CONVERSION = YES;
				GCC_WARN_ABOUT_RETURN_TYPE = YES_ERROR;
				GCC_WARN_UNDECLARED_SELECTOR = YES;
				GCC_WARN_UNINITIALIZED_AUTOS = YES_AGGRESSIVE;
				GCC_WARN_UNUSED_FUNCTION = YES;
				GCC_WARN_UNUSED_VARIABLE = YES;
				IPHONEOS_DEPLOYMENT_TARGET = 15.5;
				MTL_ENABLE_DEBUG_INFO = NO;
				MTL_FAST_MATH = YES;
				SDKROOT = iphoneos;
				SWIFT_COMPILATION_MODE = wholemodule;
				SWIFT_OPTIMIZATION_LEVEL = "-O";
				VALIDATE_PRODUCT = YES;
			};
			name = Release;
		};
		66FF156628759933003595E3 /* Debug */ = {
			isa = XCBuildConfiguration;
			buildSettings = {
				ASSETCATALOG_COMPILER_APPICON_NAME = AppIcon;
				ASSETCATALOG_COMPILER_GLOBAL_ACCENT_COLOR_NAME = AccentColor;
				CODE_SIGN_STYLE = Automatic;
				CURRENT_PROJECT_VERSION = 1;
				DEVELOPMENT_ASSET_PATHS = "\"AnyApp/Preview Content\"";
				DEVELOPMENT_TEAM = B57H46XPVY;
				ENABLE_PREVIEWS = YES;
				GENERATE_INFOPLIST_FILE = YES;
				INFOPLIST_KEY_UIApplicationSceneManifest_Generation = YES;
				INFOPLIST_KEY_UIApplicationSupportsIndirectInputEvents = YES;
				INFOPLIST_KEY_UILaunchScreen_Generation = YES;
				INFOPLIST_KEY_UISupportedInterfaceOrientations_iPad = "UIInterfaceOrientationPortrait UIInterfaceOrientationPortraitUpsideDown UIInterfaceOrientationLandscapeLeft UIInterfaceOrientationLandscapeRight";
				INFOPLIST_KEY_UISupportedInterfaceOrientations_iPhone = "UIInterfaceOrientationPortrait UIInterfaceOrientationLandscapeLeft UIInterfaceOrientationLandscapeRight";
				LD_RUNPATH_SEARCH_PATHS = (
					"$(inherited)",
					"@executable_path/Frameworks",
				);
				MARKETING_VERSION = 1.0;
				PRODUCT_BUNDLE_IDENTIFIER = dolenko.com.AnyApp;
				PRODUCT_NAME = "$(TARGET_NAME)";
				SWIFT_EMIT_LOC_STRINGS = YES;
				SWIFT_VERSION = 5.0;
				TARGETED_DEVICE_FAMILY = "1,2";
			};
			name = Debug;
		};
		66FF156728759933003595E3 /* Release */ = {
			isa = XCBuildConfiguration;
			buildSettings = {
				ASSETCATALOG_COMPILER_APPICON_NAME = AppIcon;
				ASSETCATALOG_COMPILER_GLOBAL_ACCENT_COLOR_NAME = AccentColor;
				CODE_SIGN_STYLE = Automatic;
				CURRENT_PROJECT_VERSION = 1;
				DEVELOPMENT_ASSET_PATHS = "\"AnyApp/Preview Content\"";
				DEVELOPMENT_TEAM = B57H46XPVY;
				ENABLE_PREVIEWS = YES;
				GENERATE_INFOPLIST_FILE = YES;
				INFOPLIST_KEY_UIApplicationSceneManifest_Generation = YES;
				INFOPLIST_KEY_UIApplicationSupportsIndirectInputEvents = YES;
				INFOPLIST_KEY_UILaunchScreen_Generation = YES;
				INFOPLIST_KEY_UISupportedInterfaceOrientations_iPad = "UIInterfaceOrientationPortrait UIInterfaceOrientationPortraitUpsideDown UIInterfaceOrientationLandscapeLeft UIInterfaceOrientationLandscapeRight";
				INFOPLIST_KEY_UISupportedInterfaceOrientations_iPhone = "UIInterfaceOrientationPortrait UIInterfaceOrientationLandscapeLeft UIInterfaceOrientationLandscapeRight";
				LD_RUNPATH_SEARCH_PATHS = (
					"$(inherited)",
					"@executable_path/Frameworks",
				);
				MARKETING_VERSION = 1.0;
				PRODUCT_BUNDLE_IDENTIFIER = dolenko.com.AnyApp;
				PRODUCT_NAME = "$(TARGET_NAME)";
				SWIFT_EMIT_LOC_STRINGS = YES;
				SWIFT_VERSION = 5.0;
				TARGETED_DEVICE_FAMILY = "1,2";
			};
			name = Release;
		};
		66FF156928759933003595E3 /* Debug */ = {
			isa = XCBuildConfiguration;
			buildSettings = {
				ALWAYS_EMBED_SWIFT_STANDARD_LIBRARIES = YES;
				BUNDLE_LOADER = "$(TEST_HOST)";
				CODE_SIGN_STYLE = Automatic;
				CURRENT_PROJECT_VERSION = 1;
				DEVELOPMENT_TEAM = B57H46XPVY;
				GENERATE_INFOPLIST_FILE = YES;
				IPHONEOS_DEPLOYMENT_TARGET = 15.5;
				MARKETING_VERSION = 1.0;
				PRODUCT_BUNDLE_IDENTIFIER = dolenko.com.AnyAppTests;
				PRODUCT_NAME = "$(TARGET_NAME)";
				SWIFT_EMIT_LOC_STRINGS = NO;
				SWIFT_VERSION = 5.0;
				TARGETED_DEVICE_FAMILY = "1,2";
				TEST_HOST = "$(BUILT_PRODUCTS_DIR)/AnyApp.app/AnyApp";
			};
			name = Debug;
		};
		66FF156A28759933003595E3 /* Release */ = {
			isa = XCBuildConfiguration;
			buildSettings = {
				ALWAYS_EMBED_SWIFT_STANDARD_LIBRARIES = YES;
				BUNDLE_LOADER = "$(TEST_HOST)";
				CODE_SIGN_STYLE = Automatic;
				CURRENT_PROJECT_VERSION = 1;
				DEVELOPMENT_TEAM = B57H46XPVY;
				GENERATE_INFOPLIST_FILE = YES;
				IPHONEOS_DEPLOYMENT_TARGET = 15.5;
				MARKETING_VERSION = 1.0;
				PRODUCT_BUNDLE_IDENTIFIER = dolenko.com.AnyAppTests;
				PRODUCT_NAME = "$(TARGET_NAME)";
				SWIFT_EMIT_LOC_STRINGS = NO;
				SWIFT_VERSION = 5.0;
				TARGETED_DEVICE_FAMILY = "1,2";
				TEST_HOST = "$(BUILT_PRODUCTS_DIR)/AnyApp.app/AnyApp";
			};
			name = Release;
		};
		66FF156C28759933003595E3 /* Debug */ = {
			isa = XCBuildConfiguration;
			buildSettings = {
				ALWAYS_EMBED_SWIFT_STANDARD_LIBRARIES = YES;
				CODE_SIGN_STYLE = Automatic;
				CURRENT_PROJECT_VERSION = 1;
				DEVELOPMENT_TEAM = B57H46XPVY;
				GENERATE_INFOPLIST_FILE = YES;
				MARKETING_VERSION = 1.0;
				PRODUCT_BUNDLE_IDENTIFIER = dolenko.com.AnyAppUITests;
				PRODUCT_NAME = "$(TARGET_NAME)";
				SWIFT_EMIT_LOC_STRINGS = NO;
				SWIFT_VERSION = 5.0;
				TARGETED_DEVICE_FAMILY = "1,2";
				TEST_TARGET_NAME = AnyApp;
			};
			name = Debug;
		};
		66FF156D28759933003595E3 /* Release */ = {
			isa = XCBuildConfiguration;
			buildSettings = {
				ALWAYS_EMBED_SWIFT_STANDARD_LIBRARIES = YES;
				CODE_SIGN_STYLE = Automatic;
				CURRENT_PROJECT_VERSION = 1;
				DEVELOPMENT_TEAM = B57H46XPVY;
				GENERATE_INFOPLIST_FILE = YES;
				MARKETING_VERSION = 1.0;
				PRODUCT_BUNDLE_IDENTIFIER = dolenko.com.AnyAppUITests;
				PRODUCT_NAME = "$(TARGET_NAME)";
				SWIFT_EMIT_LOC_STRINGS = NO;
				SWIFT_VERSION = 5.0;
				TARGETED_DEVICE_FAMILY = "1,2";
				TEST_TARGET_NAME = AnyApp;
			};
			name = Release;
		};
/* End XCBuildConfiguration section */

/* Begin XCConfigurationList section */
		66FF153C2875992F003595E3 /* Build configuration list for PBXProject "AnyApp" */ = {
			isa = XCConfigurationList;
			buildConfigurations = (
				66FF156328759933003595E3 /* Debug */,
				66FF156428759933003595E3 /* Release */,
			);
			defaultConfigurationIsVisible = 0;
			defaultConfigurationName = Release;
		};
		66FF156528759933003595E3 /* Build configuration list for PBXNativeTarget "AnyApp" */ = {
			isa = XCConfigurationList;
			buildConfigurations = (
				66FF156628759933003595E3 /* Debug */,
				66FF156728759933003595E3 /* Release */,
			);
			defaultConfigurationIsVisible = 0;
			defaultConfigurationName = Release;
		};
		66FF156828759933003595E3 /* Build configuration list for PBXNativeTarget "AnyAppTests" */ = {
			isa = XCConfigurationList;
			buildConfigurations = (
				66FF156928759933003595E3 /* Debug */,
				66FF156A28759933003595E3 /* Release */,
			);
			defaultConfigurationIsVisible = 0;
			defaultConfigurationName = Release;
		};
		66FF156B28759933003595E3 /* Build configuration list for PBXNativeTarget "AnyAppUITests" */ = {
			isa = XCConfigurationList;
			buildConfigurations = (
				66FF156C28759933003595E3 /* Debug */,
				66FF156D28759933003595E3 /* Release */,
			);
			defaultConfigurationIsVisible = 0;
			defaultConfigurationName = Release;
		};
/* End XCConfigurationList section */
	};
	rootObject = 66FF15392875992F003595E3 /* Project object */;
}
